
Microsoft Visual Studio Solution File, Format Version 12.00
# Visual Studio Version 17
VisualStudioVersion = 17.13.35919.96 d17.13
MinimumVisualStudioVersion = 10.0.40219.1
Project("{FAE04EC0-301F-11D3-BF4B-00C04F79EFBC}") = "BTVNlab1.5", "BTVNlab1.5.csproj", "{36611A8B-C86F-40D7-8F22-1229E9B54677}"
EndProject
Global
	GlobalSection(SolutionConfigurationPlatforms) = preSolution
		Debug|Any CPU = Debug|Any CPU
		Release|Any CPU = Release|Any CPU
	EndGlobalSection
	GlobalSection(ProjectConfigurationPlatforms) = postSolution
		{36611A8B-C86F-40D7-8F22-1229E9B54677}.Debug|Any CPU.ActiveCfg = Debug|Any CPU
		{36611A8B-C86F-40D7-8F22-1229E9B54677}.Debug|Any CPU.Build.0 = Debug|Any CPU
		{36611A8B-C86F-40D7-8F22-1229E9B54677}.Release|Any CPU.ActiveCfg = Release|Any CPU
		{36611A8B-C86F-40D7-8F22-1229E9B54677}.Release|Any CPU.Build.0 = Release|Any CPU
	EndGlobalSection
	GlobalSection(SolutionProperties) = preSolution
		HideSolutionNode = FALSE
	EndGlobalSection
	GlobalSection(ExtensibilityGlobals) = postSolution
		SolutionGuid = {EB15C754-0E0D-417F-A46D-DD6A9167C0BD}
	EndGlobalSection
EndGlobal
